
Microsoft Visual Studio Solution File, Format Version 10.00
# Visual Studio 2008
Project("{FAE04EC0-301F-11D3-BF4B-00C04F79EFBC}") = "EyouSoft.Document", "EyouSoft.Document\EyouSoft.Document.csproj", "{D649A687-0AE4-4CFD-8F01-455E7A801D12}"
EndProject
Project("{2150E333-8FDC-42A3-9474-1A3956D46DE8}") = "Utility", "Utility", "{64385BC6-9442-4E8A-8982-A2C795E1BDFF}"
EndProject
Project("{FAE04EC0-301F-11D3-BF4B-00C04F79EFBC}") = "EyouSoft.Exception.Facade", "EyouSoft.Exception.Facade\EyouSoft.Exception.Facade.csproj", "{FE710F51-E721-4229-8179-2BD7F665AB77}"
EndProject
Project("{FAE04EC0-301F-11D3-BF4B-00C04F79EFBC}") = "EyouSoft.BackgroundServices", "EyouSoft.BackgroundServices\EyouSoft.BackgroundServices.csproj", "{1B911605-491C-43E0-BD08-841DF5128840}"
EndProject
Project("{FAE04EC0-301F-11D3-BF4B-00C04F79EFBC}") = "EyouSoft.Config", "EyouSoft.Config\EyouSoft.Config.csproj", "{39E0B5E4-4DF8-4CEC-BA23-476E43110AD4}"
EndProject
Project("{FAE04EC0-301F-11D3-BF4B-00C04F79EFBC}") = "EyouSoft.Cache.Facade", "EyouSoft.Cache.Facade\EyouSoft.Cache.Facade.csproj", "{19A8CDE0-4EB5-40B7-A18F-C7123CDB7768}"
EndProject
Project("{FAE04EC0-301F-11D3-BF4B-00C04F79EFBC}") = "EyouSoft.Cache.Core", "EyouSoft.Cache.Core\EyouSoft.Cache.Core.csproj", "{DCC461DA-621F-47EE-85F3-B89DD6AD030F}"
EndProject
Project("{FAE04EC0-301F-11D3-BF4B-00C04F79EFBC}") = "EyouSoft.Component.Factory", "EyouSoft.Component.Factory\EyouSoft.Component.Factory.csproj", "{728E0C36-DB6C-4AA9-9D07-4BC970A706EA}"
EndProject
Project("{FAE04EC0-301F-11D3-BF4B-00C04F79EFBC}") = "EyouSoft.Toolkit", "EyouSoft.Toolkit\EyouSoft.Toolkit.csproj", "{99A84C7E-8F77-45C7-865E-C84478BC1EDC}"
EndProject
Project("{FAE04EC0-301F-11D3-BF4B-00C04F79EFBC}") = "EyouSoft.BLL", "EyouSoft.BLL\EyouSoft.BLL.csproj", "{0EEEFB4F-491A-4002-BC15-BFD9CB252063}"
EndProject
Project("{FAE04EC0-301F-11D3-BF4B-00C04F79EFBC}") = "EyouSoft.DAL", "EyouSoft.DAL\EyouSoft.DAL.csproj", "{0394580C-EC01-408C-A6C9-655775A38E5B}"
EndProject
Project("{FAE04EC0-301F-11D3-BF4B-00C04F79EFBC}") = "EyouSoft.IDAL", "EyouSoft.IDAL\EyouSoft.IDAL.csproj", "{C596872E-9448-4E1F-8D4C-0005873ED428}"
EndProject
Project("{FAE04EC0-301F-11D3-BF4B-00C04F79EFBC}") = "EyouSoft.Model", "EyouSoft.Model\EyouSoft.Model.csproj", "{41BB31BF-A4C6-4994-AFBA-B559034010C7}"
EndProject
Project("{FAE04EC0-301F-11D3-BF4B-00C04F79EFBC}") = "Web", "WEB\Web.csproj", "{5BC2EC6D-4745-464A-A64A-6DBD6367688E}"
EndProject
Project("{2150E333-8FDC-42A3-9474-1A3956D46DE8}") = "WEBUtility", "WEBUtility", "{F0925744-48C0-4EAF-975B-145A2C854859}"
EndProject
Project("{FAE04EC0-301F-11D3-BF4B-00C04F79EFBC}") = "Common", "Common\Common.csproj", "{304DA533-83AB-4A46-B3E9-A957B24FB675}"
EndProject
Project("{FAE04EC0-301F-11D3-BF4B-00C04F79EFBC}") = "ControlLibrary", "ControlLibrary\ControlLibrary.csproj", "{136A722D-1FF1-4EBD-80CB-B87B5CE441B5}"
EndProject
Project("{FAE04EC0-301F-11D3-BF4B-00C04F79EFBC}") = "EyouSoft.Security.Membership", "EyouSoft.Security.Membership\EyouSoft.Security.Membership.csproj", "{AFA01A24-E10D-4B4C-BC41-C88537B7B314}"
EndProject
Project("{FAE04EC0-301F-11D3-BF4B-00C04F79EFBC}") = "EyouSoft.SmsWeb", "EyouSoft.SmsWeb\EyouSoft.SmsWeb.csproj", "{7EB33440-A1D0-4FCD-A4E7-8A2685518C71}"
EndProject
Project("{FAE04EC0-301F-11D3-BF4B-00C04F79EFBC}") = "WebFX", "WebFX\WebFX.csproj", "{38E25CAB-79B9-4BEC-A17E-3DD30EA638F3}"
EndProject
Global
	GlobalSection(SourceCodeControl) = preSolution
		SccNumberOfProjects = 19
		SccLocalPath0 = .
		SccProjectUniqueName1 = Common\\Common.csproj
		SccProjectTopLevelParentUniqueName1 = 澳洲华人.sln
		SccLocalPath1 = .
		SccProjectFilePathRelativizedFromConnection1 = Common\\
		SccProjectUniqueName2 = ControlLibrary\\ControlLibrary.csproj
		SccProjectTopLevelParentUniqueName2 = 澳洲华人.sln
		SccLocalPath2 = .
		SccProjectFilePathRelativizedFromConnection2 = ControlLibrary\\
		SccProjectUniqueName3 = EyouSoft.BackgroundServices\\EyouSoft.BackgroundServices.csproj
		SccProjectTopLevelParentUniqueName3 = 澳洲华人.sln
		SccLocalPath3 = .
		SccProjectFilePathRelativizedFromConnection3 = EyouSoft.BackgroundServices\\
		SccProjectUniqueName4 = EyouSoft.BLL\\EyouSoft.BLL.csproj
		SccLocalPath4 = .
		SccProjectFilePathRelativizedFromConnection4 = EyouSoft.BLL\\
		SccProjectUniqueName5 = EyouSoft.Cache.Core\\EyouSoft.Cache.Core.csproj
		SccProjectTopLevelParentUniqueName5 = 澳洲华人.sln
		SccLocalPath5 = .
		SccProjectFilePathRelativizedFromConnection5 = EyouSoft.Cache.Core\\
		SccProjectUniqueName6 = EyouSoft.Cache.Facade\\EyouSoft.Cache.Facade.csproj
		SccProjectTopLevelParentUniqueName6 = 澳洲华人.sln
		SccLocalPath6 = .
		SccProjectFilePathRelativizedFromConnection6 = EyouSoft.Cache.Facade\\
		SccProjectUniqueName7 = EyouSoft.Component.Factory\\EyouSoft.Component.Factory.csproj
		SccProjectTopLevelParentUniqueName7 = 澳洲华人.sln
		SccLocalPath7 = .
		SccProjectFilePathRelativizedFromConnection7 = EyouSoft.Component.Factory\\
		SccProjectUniqueName8 = EyouSoft.Config\\EyouSoft.Config.csproj
		SccProjectTopLevelParentUniqueName8 = 澳洲华人.sln
		SccLocalPath8 = .
		SccProjectFilePathRelativizedFromConnection8 = EyouSoft.Config\\
		SccProjectUniqueName9 = EyouSoft.DAL\\EyouSoft.DAL.csproj
		SccLocalPath9 = .
		SccProjectFilePathRelativizedFromConnection9 = EyouSoft.DAL\\
		SccProjectUniqueName10 = EyouSoft.Document\\EyouSoft.Document.csproj
		SccLocalPath10 = .
		SccProjectFilePathRelativizedFromConnection10 = EyouSoft.Document\\
		SccProjectUniqueName11 = EyouSoft.Exception.Facade\\EyouSoft.Exception.Facade.csproj
		SccProjectTopLevelParentUniqueName11 = 澳洲华人.sln
		SccLocalPath11 = .
		SccProjectFilePathRelativizedFromConnection11 = EyouSoft.Exception.Facade\\
		SccProjectUniqueName12 = EyouSoft.IDAL\\EyouSoft.IDAL.csproj
		SccLocalPath12 = .
		SccProjectFilePathRelativizedFromConnection12 = EyouSoft.IDAL\\
		SccProjectUniqueName13 = EyouSoft.Model\\EyouSoft.Model.csproj
		SccLocalPath13 = .
		SccProjectFilePathRelativizedFromConnection13 = EyouSoft.Model\\
		SccProjectUniqueName14 = EyouSoft.Security.Membership\\EyouSoft.Security.Membership.csproj
		SccProjectTopLevelParentUniqueName14 = 澳洲华人.sln
		SccLocalPath14 = .
		SccProjectFilePathRelativizedFromConnection14 = EyouSoft.Security.Membership\\
		SccProjectUniqueName15 = EyouSoft.SmsWeb\\EyouSoft.SmsWeb.csproj
		SccLocalPath15 = .
		SccProjectFilePathRelativizedFromConnection15 = EyouSoft.SmsWeb\\
		SccProjectUniqueName16 = EyouSoft.Toolkit\\EyouSoft.Toolkit.csproj
		SccProjectTopLevelParentUniqueName16 = 澳洲华人.sln
		SccLocalPath16 = .
		SccProjectFilePathRelativizedFromConnection16 = EyouSoft.Toolkit\\
		SccProjectUniqueName17 = WEB\\Web.csproj
		SccLocalPath17 = .
		SccProjectFilePathRelativizedFromConnection17 = WEB\\
		SccProjectUniqueName18 = WebFX\\WebFX.csproj
		SccLocalPath18 = .
		SccProjectFilePathRelativizedFromConnection18 = WebFX\\
	EndGlobalSection
	GlobalSection(SolutionConfigurationPlatforms) = preSolution
		Debug|.NET = Debug|.NET
		Debug|Any CPU = Debug|Any CPU
		Debug|Mixed Platforms = Debug|Mixed Platforms
		Release|.NET = Release|.NET
		Release|Any CPU = Release|Any CPU
		Release|Mixed Platforms = Release|Mixed Platforms
	EndGlobalSection
	GlobalSection(ProjectConfigurationPlatforms) = postSolution
		{D649A687-0AE4-4CFD-8F01-455E7A801D12}.Debug|.NET.ActiveCfg = Debug|Any CPU
		{D649A687-0AE4-4CFD-8F01-455E7A801D12}.Debug|Any CPU.ActiveCfg = Debug|Any CPU
		{D649A687-0AE4-4CFD-8F01-455E7A801D12}.Debug|Any CPU.Build.0 = Debug|Any CPU
		{D649A687-0AE4-4CFD-8F01-455E7A801D12}.Debug|Mixed Platforms.ActiveCfg = Debug|Any CPU
		{D649A687-0AE4-4CFD-8F01-455E7A801D12}.Debug|Mixed Platforms.Build.0 = Debug|Any CPU
		{D649A687-0AE4-4CFD-8F01-455E7A801D12}.Release|.NET.ActiveCfg = Release|Any CPU
		{D649A687-0AE4-4CFD-8F01-455E7A801D12}.Release|Any CPU.ActiveCfg = Release|Any CPU
		{D649A687-0AE4-4CFD-8F01-455E7A801D12}.Release|Any CPU.Build.0 = Release|Any CPU
		{D649A687-0AE4-4CFD-8F01-455E7A801D12}.Release|Mixed Platforms.ActiveCfg = Release|Any CPU
		{D649A687-0AE4-4CFD-8F01-455E7A801D12}.Release|Mixed Platforms.Build.0 = Release|Any CPU
		{FE710F51-E721-4229-8179-2BD7F665AB77}.Debug|.NET.ActiveCfg = Debug|Any CPU
		{FE710F51-E721-4229-8179-2BD7F665AB77}.Debug|Any CPU.ActiveCfg = Debug|Any CPU
		{FE710F51-E721-4229-8179-2BD7F665AB77}.Debug|Any CPU.Build.0 = Debug|Any CPU
		{FE710F51-E721-4229-8179-2BD7F665AB77}.Debug|Mixed Platforms.ActiveCfg = Debug|Any CPU
		{FE710F51-E721-4229-8179-2BD7F665AB77}.Debug|Mixed Platforms.Build.0 = Debug|Any CPU
		{FE710F51-E721-4229-8179-2BD7F665AB77}.Release|.NET.ActiveCfg = Release|Any CPU
		{FE710F51-E721-4229-8179-2BD7F665AB77}.Release|Any CPU.ActiveCfg = Release|Any CPU
		{FE710F51-E721-4229-8179-2BD7F665AB77}.Release|Any CPU.Build.0 = Release|Any CPU
		{FE710F51-E721-4229-8179-2BD7F665AB77}.Release|Mixed Platforms.ActiveCfg = Release|Any CPU
		{FE710F51-E721-4229-8179-2BD7F665AB77}.Release|Mixed Platforms.Build.0 = Release|Any CPU
		{1B911605-491C-43E0-BD08-841DF5128840}.Debug|.NET.ActiveCfg = Debug|Any CPU
		{1B911605-491C-43E0-BD08-841DF5128840}.Debug|Any CPU.ActiveCfg = Debug|Any CPU
		{1B911605-491C-43E0-BD08-841DF5128840}.Debug|Any CPU.Build.0 = Debug|Any CPU
		{1B911605-491C-43E0-BD08-841DF5128840}.Debug|Mixed Platforms.ActiveCfg = Debug|Any CPU
		{1B911605-491C-43E0-BD08-841DF5128840}.Debug|Mixed Platforms.Build.0 = Debug|Any CPU
		{1B911605-491C-43E0-BD08-841DF5128840}.Release|.NET.ActiveCfg = Release|Any CPU
		{1B911605-491C-43E0-BD08-841DF5128840}.Release|Any CPU.ActiveCfg = Release|Any CPU
		{1B911605-491C-43E0-BD08-841DF5128840}.Release|Any CPU.Build.0 = Release|Any CPU
		{1B911605-491C-43E0-BD08-841DF5128840}.Release|Mixed Platforms.ActiveCfg = Release|Any CPU
		{1B911605-491C-43E0-BD08-841DF5128840}.Release|Mixed Platforms.Build.0 = Release|Any CPU
		{39E0B5E4-4DF8-4CEC-BA23-476E43110AD4}.Debug|.NET.ActiveCfg = Debug|Any CPU
		{39E0B5E4-4DF8-4CEC-BA23-476E43110AD4}.Debug|Any CPU.ActiveCfg = Debug|Any CPU
		{39E0B5E4-4DF8-4CEC-BA23-476E43110AD4}.Debug|Any CPU.Build.0 = Debug|Any CPU
		{39E0B5E4-4DF8-4CEC-BA23-476E43110AD4}.Debug|Mixed Platforms.ActiveCfg = Debug|Any CPU
		{39E0B5E4-4DF8-4CEC-BA23-476E43110AD4}.Debug|Mixed Platforms.Build.0 = Debug|Any CPU
		{39E0B5E4-4DF8-4CEC-BA23-476E43110AD4}.Release|.NET.ActiveCfg = Release|Any CPU
		{39E0B5E4-4DF8-4CEC-BA23-476E43110AD4}.Release|Any CPU.ActiveCfg = Release|Any CPU
		{39E0B5E4-4DF8-4CEC-BA23-476E43110AD4}.Release|Any CPU.Build.0 = Release|Any CPU
		{39E0B5E4-4DF8-4CEC-BA23-476E43110AD4}.Release|Mixed Platforms.ActiveCfg = Release|Any CPU
		{39E0B5E4-4DF8-4CEC-BA23-476E43110AD4}.Release|Mixed Platforms.Build.0 = Release|Any CPU
		{19A8CDE0-4EB5-40B7-A18F-C7123CDB7768}.Debug|.NET.ActiveCfg = Debug|Any CPU
		{19A8CDE0-4EB5-40B7-A18F-C7123CDB7768}.Debug|Any CPU.ActiveCfg = Debug|Any CPU
		{19A8CDE0-4EB5-40B7-A18F-C7123CDB7768}.Debug|Any CPU.Build.0 = Debug|Any CPU
		{19A8CDE0-4EB5-40B7-A18F-C7123CDB7768}.Debug|Mixed Platforms.ActiveCfg = Debug|Any CPU
		{19A8CDE0-4EB5-40B7-A18F-C7123CDB7768}.Debug|Mixed Platforms.Build.0 = Debug|Any CPU
		{19A8CDE0-4EB5-40B7-A18F-C7123CDB7768}.Release|.NET.ActiveCfg = Release|Any CPU
		{19A8CDE0-4EB5-40B7-A18F-C7123CDB7768}.Release|Any CPU.ActiveCfg = Release|Any CPU
		{19A8CDE0-4EB5-40B7-A18F-C7123CDB7768}.Release|Any CPU.Build.0 = Release|Any CPU
		{19A8CDE0-4EB5-40B7-A18F-C7123CDB7768}.Release|Mixed Platforms.ActiveCfg = Release|Any CPU
		{19A8CDE0-4EB5-40B7-A18F-C7123CDB7768}.Release|Mixed Platforms.Build.0 = Release|Any CPU
		{DCC461DA-621F-47EE-85F3-B89DD6AD030F}.Debug|.NET.ActiveCfg = Debug|Any CPU
		{DCC461DA-621F-47EE-85F3-B89DD6AD030F}.Debug|Any CPU.ActiveCfg = Debug|Any CPU
		{DCC461DA-621F-47EE-85F3-B89DD6AD030F}.Debug|Any CPU.Build.0 = Debug|Any CPU
		{DCC461DA-621F-47EE-85F3-B89DD6AD030F}.Debug|Mixed Platforms.ActiveCfg = Debug|Any CPU
		{DCC461DA-621F-47EE-85F3-B89DD6AD030F}.Debug|Mixed Platforms.Build.0 = Debug|Any CPU
		{DCC461DA-621F-47EE-85F3-B89DD6AD030F}.Release|.NET.ActiveCfg = Release|Any CPU
		{DCC461DA-621F-47EE-85F3-B89DD6AD030F}.Release|Any CPU.ActiveCfg = Release|Any CPU
		{DCC461DA-621F-47EE-85F3-B89DD6AD030F}.Release|Any CPU.Build.0 = Release|Any CPU
		{DCC461DA-621F-47EE-85F3-B89DD6AD030F}.Release|Mixed Platforms.ActiveCfg = Release|Any CPU
		{DCC461DA-621F-47EE-85F3-B89DD6AD030F}.Release|Mixed Platforms.Build.0 = Release|Any CPU
		{728E0C36-DB6C-4AA9-9D07-4BC970A706EA}.Debug|.NET.ActiveCfg = Debug|Any CPU
		{728E0C36-DB6C-4AA9-9D07-4BC970A706EA}.Debug|Any CPU.ActiveCfg = Debug|Any CPU
		{728E0C36-DB6C-4AA9-9D07-4BC970A706EA}.Debug|Any CPU.Build.0 = Debug|Any CPU
		{728E0C36-DB6C-4AA9-9D07-4BC970A706EA}.Debug|Mixed Platforms.ActiveCfg = Debug|Any CPU
		{728E0C36-DB6C-4AA9-9D07-4BC970A706EA}.Debug|Mixed Platforms.Build.0 = Debug|Any CPU
		{728E0C36-DB6C-4AA9-9D07-4BC970A706EA}.Release|.NET.ActiveCfg = Release|Any CPU
		{728E0C36-DB6C-4AA9-9D07-4BC970A706EA}.Release|Any CPU.ActiveCfg = Release|Any CPU
		{728E0C36-DB6C-4AA9-9D07-4BC970A706EA}.Release|Any CPU.Build.0 = Release|Any CPU
		{728E0C36-DB6C-4AA9-9D07-4BC970A706EA}.Release|Mixed Platforms.ActiveCfg = Release|Any CPU
		{728E0C36-DB6C-4AA9-9D07-4BC970A706EA}.Release|Mixed Platforms.Build.0 = Release|Any CPU
		{99A84C7E-8F77-45C7-865E-C84478BC1EDC}.Debug|.NET.ActiveCfg = Debug|Any CPU
		{99A84C7E-8F77-45C7-865E-C84478BC1EDC}.Debug|Any CPU.ActiveCfg = Debug|Any CPU
		{99A84C7E-8F77-45C7-865E-C84478BC1EDC}.Debug|Any CPU.Build.0 = Debug|Any CPU
		{99A84C7E-8F77-45C7-865E-C84478BC1EDC}.Debug|Mixed Platforms.ActiveCfg = Debug|Any CPU
		{99A84C7E-8F77-45C7-865E-C84478BC1EDC}.Debug|Mixed Platforms.Build.0 = Debug|Any CPU
		{99A84C7E-8F77-45C7-865E-C84478BC1EDC}.Release|.NET.ActiveCfg = Release|Any CPU
		{99A84C7E-8F77-45C7-865E-C84478BC1EDC}.Release|Any CPU.ActiveCfg = Release|Any CPU
		{99A84C7E-8F77-45C7-865E-C84478BC1EDC}.Release|Any CPU.Build.0 = Release|Any CPU
		{99A84C7E-8F77-45C7-865E-C84478BC1EDC}.Release|Mixed Platforms.ActiveCfg = Release|Any CPU
		{99A84C7E-8F77-45C7-865E-C84478BC1EDC}.Release|Mixed Platforms.Build.0 = Release|Any CPU
		{0EEEFB4F-491A-4002-BC15-BFD9CB252063}.Debug|.NET.ActiveCfg = Debug|Any CPU
		{0EEEFB4F-491A-4002-BC15-BFD9CB252063}.Debug|Any CPU.ActiveCfg = Debug|Any CPU
		{0EEEFB4F-491A-4002-BC15-BFD9CB252063}.Debug|Any CPU.Build.0 = Debug|Any CPU
		{0EEEFB4F-491A-4002-BC15-BFD9CB252063}.Debug|Mixed Platforms.ActiveCfg = Debug|Any CPU
		{0EEEFB4F-491A-4002-BC15-BFD9CB252063}.Debug|Mixed Platforms.Build.0 = Debug|Any CPU
		{0EEEFB4F-491A-4002-BC15-BFD9CB252063}.Release|.NET.ActiveCfg = Release|Any CPU
		{0EEEFB4F-491A-4002-BC15-BFD9CB252063}.Release|Any CPU.ActiveCfg = Release|Any CPU
		{0EEEFB4F-491A-4002-BC15-BFD9CB252063}.Release|Any CPU.Build.0 = Release|Any CPU
		{0EEEFB4F-491A-4002-BC15-BFD9CB252063}.Release|Mixed Platforms.ActiveCfg = Release|Any CPU
		{0EEEFB4F-491A-4002-BC15-BFD9CB252063}.Release|Mixed Platforms.Build.0 = Release|Any CPU
		{0394580C-EC01-408C-A6C9-655775A38E5B}.Debug|.NET.ActiveCfg = Debug|Any CPU
		{0394580C-EC01-408C-A6C9-655775A38E5B}.Debug|Any CPU.ActiveCfg = Debug|Any CPU
		{0394580C-EC01-408C-A6C9-655775A38E5B}.Debug|Any CPU.Build.0 = Debug|Any CPU
		{0394580C-EC01-408C-A6C9-655775A38E5B}.Debug|Mixed Platforms.ActiveCfg = Debug|Any CPU
		{0394580C-EC01-408C-A6C9-655775A38E5B}.Debug|Mixed Platforms.Build.0 = Debug|Any CPU
		{0394580C-EC01-408C-A6C9-655775A38E5B}.Release|.NET.ActiveCfg = Release|Any CPU
		{0394580C-EC01-408C-A6C9-655775A38E5B}.Release|Any CPU.ActiveCfg = Release|Any CPU
		{0394580C-EC01-408C-A6C9-655775A38E5B}.Release|Any CPU.Build.0 = Release|Any CPU
		{0394580C-EC01-408C-A6C9-655775A38E5B}.Release|Mixed Platforms.ActiveCfg = Release|Any CPU
		{0394580C-EC01-408C-A6C9-655775A38E5B}.Release|Mixed Platforms.Build.0 = Release|Any CPU
		{C596872E-9448-4E1F-8D4C-0005873ED428}.Debug|.NET.ActiveCfg = Debug|Any CPU
		{C596872E-9448-4E1F-8D4C-0005873ED428}.Debug|Any CPU.ActiveCfg = Debug|Any CPU
		{C596872E-9448-4E1F-8D4C-0005873ED428}.Debug|Any CPU.Build.0 = Debug|Any CPU
		{C596872E-9448-4E1F-8D4C-0005873ED428}.Debug|Mixed Platforms.ActiveCfg = Debug|Any CPU
		{C596872E-9448-4E1F-8D4C-0005873ED428}.Debug|Mixed Platforms.Build.0 = Debug|Any CPU
		{C596872E-9448-4E1F-8D4C-0005873ED428}.Release|.NET.ActiveCfg = Release|Any CPU
		{C596872E-9448-4E1F-8D4C-0005873ED428}.Release|Any CPU.ActiveCfg = Release|Any CPU
		{C596872E-9448-4E1F-8D4C-0005873ED428}.Release|Any CPU.Build.0 = Release|Any CPU
		{C596872E-9448-4E1F-8D4C-0005873ED428}.Release|Mixed Platforms.ActiveCfg = Release|Any CPU
		{C596872E-9448-4E1F-8D4C-0005873ED428}.Release|Mixed Platforms.Build.0 = Release|Any CPU
		{41BB31BF-A4C6-4994-AFBA-B559034010C7}.Debug|.NET.ActiveCfg = Debug|Any CPU
		{41BB31BF-A4C6-4994-AFBA-B559034010C7}.Debug|Any CPU.ActiveCfg = Debug|Any CPU
		{41BB31BF-A4C6-4994-AFBA-B559034010C7}.Debug|Any CPU.Build.0 = Debug|Any CPU
		{41BB31BF-A4C6-4994-AFBA-B559034010C7}.Debug|Mixed Platforms.ActiveCfg = Debug|Any CPU
		{41BB31BF-A4C6-4994-AFBA-B559034010C7}.Debug|Mixed Platforms.Build.0 = Debug|Any CPU
		{41BB31BF-A4C6-4994-AFBA-B559034010C7}.Release|.NET.ActiveCfg = Release|Any CPU
		{41BB31BF-A4C6-4994-AFBA-B559034010C7}.Release|Any CPU.ActiveCfg = Release|Any CPU
		{41BB31BF-A4C6-4994-AFBA-B559034010C7}.Release|Any CPU.Build.0 = Release|Any CPU
		{41BB31BF-A4C6-4994-AFBA-B559034010C7}.Release|Mixed Platforms.ActiveCfg = Release|Any CPU
		{41BB31BF-A4C6-4994-AFBA-B559034010C7}.Release|Mixed Platforms.Build.0 = Release|Any CPU
		{5BC2EC6D-4745-464A-A64A-6DBD6367688E}.Debug|.NET.ActiveCfg = Debug|Any CPU
		{5BC2EC6D-4745-464A-A64A-6DBD6367688E}.Debug|Any CPU.ActiveCfg = Debug|Any CPU
		{5BC2EC6D-4745-464A-A64A-6DBD6367688E}.Debug|Any CPU.Build.0 = Debug|Any CPU
		{5BC2EC6D-4745-464A-A64A-6DBD6367688E}.Debug|Mixed Platforms.ActiveCfg = Debug|Any CPU
		{5BC2EC6D-4745-464A-A64A-6DBD6367688E}.Debug|Mixed Platforms.Build.0 = Debug|Any CPU
		{5BC2EC6D-4745-464A-A64A-6DBD6367688E}.Release|.NET.ActiveCfg = Release|Any CPU
		{5BC2EC6D-4745-464A-A64A-6DBD6367688E}.Release|Any CPU.ActiveCfg = Release|Any CPU
		{5BC2EC6D-4745-464A-A64A-6DBD6367688E}.Release|Any CPU.Build.0 = Release|Any CPU
		{5BC2EC6D-4745-464A-A64A-6DBD6367688E}.Release|Mixed Platforms.ActiveCfg = Release|Any CPU
		{5BC2EC6D-4745-464A-A64A-6DBD6367688E}.Release|Mixed Platforms.Build.0 = Release|Any CPU
		{304DA533-83AB-4A46-B3E9-A957B24FB675}.Debug|.NET.ActiveCfg = Debug|Any CPU
		{304DA533-83AB-4A46-B3E9-A957B24FB675}.Debug|Any CPU.ActiveCfg = Debug|Any CPU
		{304DA533-83AB-4A46-B3E9-A957B24FB675}.Debug|Any CPU.Build.0 = Debug|Any CPU
		{304DA533-83AB-4A46-B3E9-A957B24FB675}.Debug|Mixed Platforms.ActiveCfg = Debug|Any CPU
		{304DA533-83AB-4A46-B3E9-A957B24FB675}.Debug|Mixed Platforms.Build.0 = Debug|Any CPU
		{304DA533-83AB-4A46-B3E9-A957B24FB675}.Release|.NET.ActiveCfg = Release|Any CPU
		{304DA533-83AB-4A46-B3E9-A957B24FB675}.Release|Any CPU.ActiveCfg = Release|Any CPU
		{304DA533-83AB-4A46-B3E9-A957B24FB675}.Release|Any CPU.Build.0 = Release|Any CPU
		{304DA533-83AB-4A46-B3E9-A957B24FB675}.Release|Mixed Platforms.ActiveCfg = Release|Any CPU
		{304DA533-83AB-4A46-B3E9-A957B24FB675}.Release|Mixed Platforms.Build.0 = Release|Any CPU
		{136A722D-1FF1-4EBD-80CB-B87B5CE441B5}.Debug|.NET.ActiveCfg = Debug|Any CPU
		{136A722D-1FF1-4EBD-80CB-B87B5CE441B5}.Debug|Any CPU.ActiveCfg = Debug|Any CPU
		{136A722D-1FF1-4EBD-80CB-B87B5CE441B5}.Debug|Any CPU.Build.0 = Debug|Any CPU
		{136A722D-1FF1-4EBD-80CB-B87B5CE441B5}.Debug|Mixed Platforms.ActiveCfg = Debug|Any CPU
		{136A722D-1FF1-4EBD-80CB-B87B5CE441B5}.Debug|Mixed Platforms.Build.0 = Debug|Any CPU
		{136A722D-1FF1-4EBD-80CB-B87B5CE441B5}.Release|.NET.ActiveCfg = Release|Any CPU
		{136A722D-1FF1-4EBD-80CB-B87B5CE441B5}.Release|Any CPU.ActiveCfg = Release|Any CPU
		{136A722D-1FF1-4EBD-80CB-B87B5CE441B5}.Release|Any CPU.Build.0 = Release|Any CPU
		{136A722D-1FF1-4EBD-80CB-B87B5CE441B5}.Release|Mixed Platforms.ActiveCfg = Release|Any CPU
		{136A722D-1FF1-4EBD-80CB-B87B5CE441B5}.Release|Mixed Platforms.Build.0 = Release|Any CPU
		{AFA01A24-E10D-4B4C-BC41-C88537B7B314}.Debug|.NET.ActiveCfg = Debug|Any CPU
		{AFA01A24-E10D-4B4C-BC41-C88537B7B314}.Debug|Any CPU.ActiveCfg = Debug|Any CPU
		{AFA01A24-E10D-4B4C-BC41-C88537B7B314}.Debug|Any CPU.Build.0 = Debug|Any CPU
		{AFA01A24-E10D-4B4C-BC41-C88537B7B314}.Debug|Mixed Platforms.ActiveCfg = Debug|Any CPU
		{AFA01A24-E10D-4B4C-BC41-C88537B7B314}.Debug|Mixed Platforms.Build.0 = Debug|Any CPU
		{AFA01A24-E10D-4B4C-BC41-C88537B7B314}.Release|.NET.ActiveCfg = Release|Any CPU
		{AFA01A24-E10D-4B4C-BC41-C88537B7B314}.Release|Any CPU.ActiveCfg = Release|Any CPU
		{AFA01A24-E10D-4B4C-BC41-C88537B7B314}.Release|Any CPU.Build.0 = Release|Any CPU
		{AFA01A24-E10D-4B4C-BC41-C88537B7B314}.Release|Mixed Platforms.ActiveCfg = Release|Any CPU
		{AFA01A24-E10D-4B4C-BC41-C88537B7B314}.Release|Mixed Platforms.Build.0 = Release|Any CPU
		{7EB33440-A1D0-4FCD-A4E7-8A2685518C71}.Debug|.NET.ActiveCfg = Debug|Any CPU
		{7EB33440-A1D0-4FCD-A4E7-8A2685518C71}.Debug|Any CPU.ActiveCfg = Debug|Any CPU
		{7EB33440-A1D0-4FCD-A4E7-8A2685518C71}.Debug|Any CPU.Build.0 = Debug|Any CPU
		{7EB33440-A1D0-4FCD-A4E7-8A2685518C71}.Debug|Mixed Platforms.ActiveCfg = Debug|Any CPU
		{7EB33440-A1D0-4FCD-A4E7-8A2685518C71}.Debug|Mixed Platforms.Build.0 = Debug|Any CPU
		{7EB33440-A1D0-4FCD-A4E7-8A2685518C71}.Release|.NET.ActiveCfg = Release|Any CPU
		{7EB33440-A1D0-4FCD-A4E7-8A2685518C71}.Release|Any CPU.ActiveCfg = Release|Any CPU
		{7EB33440-A1D0-4FCD-A4E7-8A2685518C71}.Release|Any CPU.Build.0 = Release|Any CPU
		{7EB33440-A1D0-4FCD-A4E7-8A2685518C71}.Release|Mixed Platforms.ActiveCfg = Release|Any CPU
		{7EB33440-A1D0-4FCD-A4E7-8A2685518C71}.Release|Mixed Platforms.Build.0 = Release|Any CPU
		{38E25CAB-79B9-4BEC-A17E-3DD30EA638F3}.Debug|.NET.ActiveCfg = Debug|Any CPU
		{38E25CAB-79B9-4BEC-A17E-3DD30EA638F3}.Debug|Any CPU.ActiveCfg = Debug|Any CPU
		{38E25CAB-79B9-4BEC-A17E-3DD30EA638F3}.Debug|Any CPU.Build.0 = Debug|Any CPU
		{38E25CAB-79B9-4BEC-A17E-3DD30EA638F3}.Debug|Mixed Platforms.ActiveCfg = Debug|Any CPU
		{38E25CAB-79B9-4BEC-A17E-3DD30EA638F3}.Debug|Mixed Platforms.Build.0 = Debug|Any CPU
		{38E25CAB-79B9-4BEC-A17E-3DD30EA638F3}.Release|.NET.ActiveCfg = Release|Any CPU
		{38E25CAB-79B9-4BEC-A17E-3DD30EA638F3}.Release|Any CPU.ActiveCfg = Release|Any CPU
		{38E25CAB-79B9-4BEC-A17E-3DD30EA638F3}.Release|Any CPU.Build.0 = Release|Any CPU
		{38E25CAB-79B9-4BEC-A17E-3DD30EA638F3}.Release|Mixed Platforms.ActiveCfg = Release|Any CPU
		{38E25CAB-79B9-4BEC-A17E-3DD30EA638F3}.Release|Mixed Platforms.Build.0 = Release|Any CPU
	EndGlobalSection
	GlobalSection(SolutionProperties) = preSolution
		HideSolutionNode = FALSE
	EndGlobalSection
	GlobalSection(NestedProjects) = preSolution
		{FE710F51-E721-4229-8179-2BD7F665AB77} = {64385BC6-9442-4E8A-8982-A2C795E1BDFF}
		{1B911605-491C-43E0-BD08-841DF5128840} = {64385BC6-9442-4E8A-8982-A2C795E1BDFF}
		{39E0B5E4-4DF8-4CEC-BA23-476E43110AD4} = {64385BC6-9442-4E8A-8982-A2C795E1BDFF}
		{19A8CDE0-4EB5-40B7-A18F-C7123CDB7768} = {64385BC6-9442-4E8A-8982-A2C795E1BDFF}
		{DCC461DA-621F-47EE-85F3-B89DD6AD030F} = {64385BC6-9442-4E8A-8982-A2C795E1BDFF}
		{728E0C36-DB6C-4AA9-9D07-4BC970A706EA} = {64385BC6-9442-4E8A-8982-A2C795E1BDFF}
		{99A84C7E-8F77-45C7-865E-C84478BC1EDC} = {64385BC6-9442-4E8A-8982-A2C795E1BDFF}
		{AFA01A24-E10D-4B4C-BC41-C88537B7B314} = {64385BC6-9442-4E8A-8982-A2C795E1BDFF}
		{304DA533-83AB-4A46-B3E9-A957B24FB675} = {F0925744-48C0-4EAF-975B-145A2C854859}
		{136A722D-1FF1-4EBD-80CB-B87B5CE441B5} = {F0925744-48C0-4EAF-975B-145A2C854859}
	EndGlobalSection
EndGlobal
